
Microsoft Visual Studio Solution File, Format Version 12.00
# Visual Studio Version 16
VisualStudioVersion = 16.0.32106.194
MinimumVisualStudioVersion = 10.0.40219.1
Project("{8BC9CEB8-8B4A-11D0-8D11-00A0C91BC942}") = "GHLPokeMachine", "GHLPokeMachine.vcxproj", "{B442FCDC-F930-4EED-B48F-B6D20C53255D}"
EndProject
Global
	GlobalSection(SolutionConfigurationPlatforms) = preSolution
		Debug|x64 = Debug|x64
		Debug|x86 = Debug|x86
		Release_x64|x64 = Release_x64|x64
		Release_x64|x86 = Release_x64|x86
		Release_x86|x64 = Release_x86|x64
		Release_x86|x86 = Release_x86|x86
		Release|x64 = Release|x64
		Release|x86 = Release|x86
	EndGlobalSection
	GlobalSection(ProjectConfigurationPlatforms) = postSolution
		{B442FCDC-F930-4EED-B48F-B6D20C53255D}.Debug|x64.ActiveCfg = Debug|x64
		{B442FCDC-F930-4EED-B48F-B6D20C53255D}.Debug|x86.ActiveCfg = Debug|Win32
		{B442FCDC-F930-4EED-B48F-B6D20C53255D}.Debug|x86.Build.0 = Debug|Win32
		{B442FCDC-F930-4EED-B48F-B6D20C53255D}.Release_x64|x64.ActiveCfg = Release_x64|x64
		{B442FCDC-F930-4EED-B48F-B6D20C53255D}.Release_x64|x64.Build.0 = Release_x64|x64
		{B442FCDC-F930-4EED-B48F-B6D20C53255D}.Release_x64|x86.ActiveCfg = Release_x64|Win32
		{B442FCDC-F930-4EED-B48F-B6D20C53255D}.Release_x86|x64.ActiveCfg = Release_x86|x64
		{B442FCDC-F930-4EED-B48F-B6D20C53255D}.Release_x86|x86.ActiveCfg = Release_x86|Win32
		{B442FCDC-F930-4EED-B48F-B6D20C53255D}.Release_x86|x86.Build.0 = Release_x86|Win32
		{B442FCDC-F930-4EED-B48F-B6D20C53255D}.Release|x64.ActiveCfg = Release|x64
		{B442FCDC-F930-4EED-B48F-B6D20C53255D}.Release|x64.Build.0 = Release|x64
		{B442FCDC-F930-4EED-B48F-B6D20C53255D}.Release|x86.ActiveCfg = Release|Win32
		{B442FCDC-F930-4EED-B48F-B6D20C53255D}.Release|x86.Build.0 = Release|Win32
	EndGlobalSection
	GlobalSection(SolutionProperties) = preSolution
		HideSolutionNode = FALSE
	EndGlobalSection
	GlobalSection(ExtensibilityGlobals) = postSolution
		SolutionGuid = {9307C532-6F18-4035-AB73-9D3229BAC6F4}
	EndGlobalSection
EndGlobal
